// !$*UTF8*$!
{
	archiveVersion = 1;
	classes = {
	};
	objectVersion = 48;
	objects = {

/* Begin PBXBuildFile section */
		8C56150C1F8F2F1300364AAD /* AppDelegate.swift in Sources */ = {isa = PBXBuildFile; fileRef = 8C56150B1F8F2F1300364AAD /* AppDelegate.swift */; };
		8C56150E1F8F2F1300364AAD /* ViewController.swift in Sources */ = {isa = PBXBuildFile; fileRef = 8C56150D1F8F2F1300364AAD /* ViewController.swift */; };
		8C5615111F8F2F1300364AAD /* Main.storyboard in Resources */ = {isa = PBXBuildFile; fileRef = 8C56150F1F8F2F1300364AAD /* Main.storyboard */; };
		8C5615131F8F2F1300364AAD /* Assets.xcassets in Resources */ = {isa = PBXBuildFile; fileRef = 8C5615121F8F2F1300364AAD /* Assets.xcassets */; };
		8C5615161F8F2F1300364AAD /* LaunchScreen.storyboard in Resources */ = {isa = PBXBuildFile; fileRef = 8C5615141F8F2F1300364AAD /* LaunchScreen.storyboard */; };
		8CD502A21F92DE3600E8F9C5 /* Song.swift in Sources */ = {isa = PBXBuildFile; fileRef = 8CD502A11F92DE3600E8F9C5 /* Song.swift */; };
		8CD502A41F92E96D00E8F9C5 /* SongsTableViewCell.swift in Sources */ = {isa = PBXBuildFile; fileRef = 8CD502A31F92E96D00E8F9C5 /* SongsTableViewCell.swift */; };
		8CE6F1061F8FF43D00723B66 /* EntertainmentPlayer.swift in Sources */ = {isa = PBXBuildFile; fileRef = 8CE6F1051F8FF43D00723B66 /* EntertainmentPlayer.swift */; };
/* End PBXBuildFile section */

/* Begin PBXFileReference section */
		8C5615081F8F2F1300364AAD /* streamingMusicPlayer.app */ = {isa = PBXFileReference; explicitFileType = wrapper.application; includeInIndex = 0; path = streamingMusicPlayer.app; sourceTree = BUILT_PRODUCTS_DIR; };
		8C56150B1F8F2F1300364AAD /* AppDelegate.swift */ = {isa = PBXFileReference; lastKnownFileType = sourcecode.swift; path = AppDelegate.swift; sourceTree = "<group>"; };
		8C56150D1F8F2F1300364AAD /* ViewController.swift */ = {isa = PBXFileReference; lastKnownFileType = sourcecode.swift; path = ViewController.swift; sourceTree = "<group>"; };
		8C5615101F8F2F1300364AAD /* Base */ = {isa = PBXFileReference; lastKnownFileType = file.storyboard; name = Base; path = Base.lproj/Main.storyboard; sourceTree = "<group>"; };
		8C5615121F8F2F1300364AAD /* Assets.xcassets */ = {isa = PBXFileReference; lastKnownFileType = folder.assetcatalog; path = Assets.xcassets; sourceTree = "<group>"; };
		8C5615151F8F2F1300364AAD /* Base */ = {isa = PBXFileReference; lastKnownFileType = file.storyboard; name = Base; path = Base.lproj/LaunchScreen.storyboard; sourceTree = "<group>"; };
		8C5615171F8F2F1300364AAD /* Info.plist */ = {isa = PBXFileReference; lastKnownFileType = text.plist.xml; path = Info.plist; sourceTree = "<group>"; };
		8CD502A11F92DE3600E8F9C5 /* Song.swift */ = {isa = PBXFileReference; lastKnownFileType = sourcecode.swift; path = Song.swift; sourceTree = "<group>"; };
		8CD502A31F92E96D00E8F9C5 /* SongsTableViewCell.swift */ = {isa = PBXFileReference; lastKnownFileType = sourcecode.swift; path = SongsTableViewCell.swift; sourceTree = "<group>"; };
		8CE6F1051F8FF43D00723B66 /* EntertainmentPlayer.swift */ = {isa = PBXFileReference; lastKnownFileType = sourcecode.swift; path = EntertainmentPlayer.swift; sourceTree = "<group>"; };
/* End PBXFileReference section */

/* Begin PBXFrameworksBuildPhase section */
		8C5615051F8F2F1300364AAD /* Frameworks */ = {
			isa = PBXFrameworksBuildPhase;
			buildActionMask = 2147483647;
			files = (
			);
			runOnlyForDeploymentPostprocessing = 0;
		};
/* End PBXFrameworksBuildPhase section */

/* Begin PBXGroup section */
		8C5614FF1F8F2F1300364AAD = {
			isa = PBXGroup;
			children = (
				8C56150A1F8F2F1300364AAD /* streamingMusicPlayer */,
				8C5615091F8F2F1300364AAD /* Products */,
			);
			sourceTree = "<group>";
		};
		8C5615091F8F2F1300364AAD /* Products */ = {
			isa = PBXGroup;
			children = (
				8C5615081F8F2F1300364AAD /* streamingMusicPlayer.app */,
			);
			name = Products;
			sourceTree = "<group>";
		};
		8C56150A1F8F2F1300364AAD /* streamingMusicPlayer */ = {
			isa = PBXGroup;
			children = (
				8C56150B1F8F2F1300364AAD /* AppDelegate.swift */,
				8CE6F1051F8FF43D00723B66 /* EntertainmentPlayer.swift */,
				8C56150D1F8F2F1300364AAD /* ViewController.swift */,
				8CD502A31F92E96D00E8F9C5 /* SongsTableViewCell.swift */,
				8CD502A11F92DE3600E8F9C5 /* Song.swift */,
				8C56150F1F8F2F1300364AAD /* Main.storyboard */,
				8C5615121F8F2F1300364AAD /* Assets.xcassets */,
				8C5615141F8F2F1300364AAD /* LaunchScreen.storyboard */,
				8C5615171F8F2F1300364AAD /* Info.plist */,
			);
			path = streamingMusicPlayer;
			sourceTree = "<group>";
		};
/* End PBXGroup section */

/* Begin PBXNativeTarget section */
		8C5615071F8F2F1300364AAD /* streamingMusicPlayer */ = {
			isa = PBXNativeTarget;
			buildConfigurationList = 8C56151A1F8F2F1300364AAD /* Build configuration list for PBXNativeTarget "streamingMusicPlayer" */;
			buildPhases = (
				8C5615041F8F2F1300364AAD /* Sources */,
				8C5615051F8F2F1300364AAD /* Frameworks */,
				8C5615061F8F2F1300364AAD /* Resources */,
			);
			buildRules = (
			);
			dependencies = (
			);
			name = streamingMusicPlayer;
			productName = streamingMusicPlayer;
			productReference = 8C5615081F8F2F1300364AAD /* streamingMusicPlayer.app */;
			productType = "com.apple.product-type.application";
		};
/* End PBXNativeTarget section */

/* Begin PBXProject section */
		8C5615001F8F2F1300364AAD /* Project object */ = {
			isa = PBXProject;
			attributes = {
				LastSwiftUpdateCheck = 0900;
				LastUpgradeCheck = 0900;
				ORGANIZATIONNAME = "Miguel Tepale";
				TargetAttributes = {
					8C5615071F8F2F1300364AAD = {
						CreatedOnToolsVersion = 9.0;
						ProvisioningStyle = Automatic;
					};
				};
			};
			buildConfigurationList = 8C5615031F8F2F1300364AAD /* Build configuration list for PBXProject "streamingMusicPlayer" */;
			compatibilityVersion = "Xcode 8.0";
			developmentRegion = en;
			hasScannedForEncodings = 0;
			knownRegions = (
				en,
				Base,
			);
			mainGroup = 8C5614FF1F8F2F1300364AAD;
			productRefGroup = 8C5615091F8F2F1300364AAD /* Products */;
			projectDirPath = "";
			projectRoot = "";
			targets = (
				8C5615071F8F2F1300364AAD /* streamingMusicPlayer */,
			);
		};
/* End PBXProject section */

/* Begin PBXResourcesBuildPhase section */
		8C5615061F8F2F1300364AAD /* Resources */ = {
			isa = PBXResourcesBuildPhase;
			buildActionMask = 2147483647;
			files = (
				8C5615161F8F2F1300364AAD /* LaunchScreen.storyboard in Resources */,
				8C5615131F8F2F1300364AAD /* Assets.xcassets in Resources */,
				8C5615111F8F2F1300364AAD /* Main.storyboard in Resources */,
			);
			runOnlyForDeploymentPostprocessing = 0;
		};
/* End PBXResourcesBuildPhase section */

/* Begin PBXSourcesBuildPhase section */
		8C5615041F8F2F1300364AAD /* Sources */ = {
			isa = PBXSourcesBuildPhase;
			buildActionMask = 2147483647;
			files = (
				8CD502A41F92E96D00E8F9C5 /* SongsTableViewCell.swift in Sources */,
				8CD502A21F92DE3600E8F9C5 /* Song.swift in Sources */,
				8C56150E1F8F2F1300364AAD /* ViewController.swift in Sources */,
				8CE6F1061F8FF43D00723B66 /* EntertainmentPlayer.swift in Sources */,
				8C56150C1F8F2F1300364AAD /* AppDelegate.swift in Sources */,
			);
			runOnlyForDeploymentPostprocessing = 0;
		};
/* End PBXSourcesBuildPhase section */

/* Begin PBXVariantGroup section */
		8C56150F1F8F2F1300364AAD /* Main.storyboard */ = {
			isa = PBXVariantGroup;
			children = (
				8C5615101F8F2F1300364AAD /* Base */,
			);
			name = Main.storyboard;
			sourceTree = "<group>";
		};
		8C5615141F8F2F1300364AAD /* LaunchScreen.storyboard */ = {
			isa = PBXVariantGroup;
			children = (
				8C5615151F8F2F1300364AAD /* Base */,
			);
			name = LaunchScreen.storyboard;
			sourceTree = "<group>";
		};
/* End PBXVariantGroup section */

/* Begin XCBuildConfiguration section */
		8C5615181F8F2F1300364AAD /* Debug */ = {
			isa = XCBuildConfiguration;
			buildSettings = {
				ALWAYS_SEARCH_USER_PATHS = NO;
				CLANG_ANALYZER_NONNULL = YES;
				CLANG_ANALYZER_NUMBER_OBJECT_CONVERSION = YES_AGGRESSIVE;
				CLANG_CXX_LANGUAGE_STANDARD = "gnu++14";
				CLANG_CXX_LIBRARY = "libc++";
				CLANG_ENABLE_MODULES = YES;
				CLANG_ENABLE_OBJC_ARC = YES;
				CLANG_WARN_BLOCK_CAPTURE_AUTORELEASING = YES;
				CLANG_WARN_BOOL_CONVERSION = YES;
				CLANG_WARN_COMMA = YES;
				CLANG_WARN_CONSTANT_CONVERSION = YES;
				CLANG_WARN_DIRECT_OBJC_ISA_USAGE = YES_ERROR;
				CLANG_WARN_DOCUMENTATION_COMMENTS = YES;
				CLANG_WARN_EMPTY_BODY = YES;
				CLANG_WARN_ENUM_CONVERSION = YES;
				CLANG_WARN_INFINITE_RECURSION = YES;
				CLANG_WARN_INT_CONVERSION = YES;
				CLANG_WARN_NON_LITERAL_NULL_CONVERSION = YES;
				CLANG_WARN_OBJC_LITERAL_CONVERSION = YES;
				CLANG_WARN_OBJC_ROOT_CLASS = YES_ERROR;
				CLANG_WARN_RANGE_LOOP_ANALYSIS = YES;
				CLANG_WARN_STRICT_PROTOTYPES = YES;
				CLANG_WARN_SUSPICIOUS_MOVE = YES;
				CLANG_WARN_UNGUARDED_AVAILABILITY = YES_AGGRESSIVE;
				CLANG_WARN_UNREACHABLE_CODE = YES;
				CLANG_WARN__DUPLICATE_METHOD_MATCH = YES;
				CODE_SIGN_IDENTITY = "iPhone Developer";
				COPY_PHASE_STRIP = NO;
				DEBUG_INFORMATION_FORMAT = dwarf;
				ENABLE_STRICT_OBJC_MSGSEND = YES;
				ENABLE_TESTABILITY = YES;
				GCC_C_LANGUAGE_STANDARD = gnu11;
				GCC_DYNAMIC_NO_PIC = NO;
				GCC_NO_COMMON_BLOCKS = YES;
				GCC_OPTIMIZATION_LEVEL = 0;
				GCC_PREPROCESSOR_DEFINITIONS = (
					"DEBUG=1",
					"$(inherited)",
				);
				GCC_WARN_64_TO_32_BIT_CONVERSION = YES;
				GCC_WARN_ABOUT_RETURN_TYPE = YES_ERROR;
				GCC_WARN_UNDECLARED_SELECTOR = YES;
				GCC_WARN_UNINITIALIZED_AUTOS = YES_AGGRESSIVE;
				GCC_WARN_UNUSED_FUNCTION = YES;
				GCC_WARN_UNUSED_VARIABLE = YES;
				IPHONEOS_DEPLOYMENT_TARGET = 10.0;
				MTL_ENABLE_DEBUG_INFO = YES;
				ONLY_ACTIVE_ARCH = YES;
				SDKROOT = iphoneos;
				SWIFT_ACTIVE_COMPILATION_CONDITIONS = DEBUG;
				SWIFT_OPTIMIZATION_LEVEL = "-Onone";
			};
			name = Debug;
		};
		8C5615191F8F2F1300364AAD /* Release */ = {
			isa = XCBuildConfiguration;
			buildSettings = {
				ALWAYS_SEARCH_USER_PATHS = NO;
				CLANG_ANALYZER_NONNULL = YES;
				CLANG_ANALYZER_NUMBER_OBJECT_CONVERSION = YES_AGGRESSIVE;
				CLANG_CXX_LANGUAGE_STANDARD = "gnu++14";
				CLANG_CXX_LIBRARY = "libc++";
				CLANG_ENABLE_MODULES = YES;
				CLANG_ENABLE_OBJC_ARC = YES;
				CLANG_WARN_BLOCK_CAPTURE_AUTORELEASING = YES;
				CLANG_WARN_BOOL_CONVERSION = YES;
				CLANG_WARN_COMMA = YES;
				CLANG_WARN_CONSTANT_CONVERSION = YES;
				CLANG_WARN_DIRECT_OBJC_ISA_USAGE = YES_ERROR;
				CLANG_WARN_DOCUMENTATION_COMMENTS = YES;
				CLANG_WARN_EMPTY_BODY = YES;
				CLANG_WARN_ENUM_CONVERSION = YES;
				CLANG_WARN_INFINITE_RECURSION = YES;
				CLANG_WARN_INT_CONVERSION = YES;
				CLANG_WARN_NON_LITERAL_NULL_CONVERSION = YES;
				CLANG_WARN_OBJC_LITERAL_CONVERSION = YES;
				CLANG_WARN_OBJC_ROOT_CLASS = YES_ERROR;
				CLANG_WARN_RANGE_LOOP_ANALYSIS = YES;
				CLANG_WARN_STRICT_PROTOTYPES = YES;
				CLANG_WARN_SUSPICIOUS_MOVE = YES;
				CLANG_WARN_UNGUARDED_AVAILABILITY = YES_AGGRESSIVE;
				CLANG_WARN_UNREACHABLE_CODE = YES;
				CLANG_WARN__DUPLICATE_METHOD_MATCH = YES;
				CODE_SIGN_IDENTITY = "iPhone Developer";
				COPY_PHASE_STRIP = NO;
				DEBUG_INFORMATION_FORMAT = "dwarf-with-dsym";
				ENABLE_NS_ASSERTIONS = NO;
				ENABLE_STRICT_OBJC_MSGSEND = YES;
				GCC_C_LANGUAGE_STANDARD = gnu11;
				GCC_NO_COMMON_BLOCKS = YES;
				GCC_WARN_64_TO_32_BIT_CONVERSION = YES;
				GCC_WARN_ABOUT_RETURN_TYPE = YES_ERROR;
				GCC_WARN_UNDECLARED_SELECTOR = YES;
				GCC_WARN_UNINITIALIZED_AUTOS = YES_AGGRESSIVE;
				GCC_WARN_UNUSED_FUNCTION = YES;
				GCC_WARN_UNUSED_VARIABLE = YES;
				IPHONEOS_DEPLOYMENT_TARGET = 10.0;
				MTL_ENABLE_DEBUG_INFO = NO;
				SDKROOT = iphoneos;
				SWIFT_OPTIMIZATION_LEVEL = "-Owholemodule";
				VALIDATE_PRODUCT = YES;
			};
			name = Release;
		};
		8C56151B1F8F2F1300364AAD /* Debug */ = {
			isa = XCBuildConfiguration;
			buildSettings = {
				ASSETCATALOG_COMPILER_APPICON_NAME = AppIcon;
				CODE_SIGN_STYLE = Automatic;
				DEVELOPMENT_TEAM = 5C8D6R84CB;
				INFOPLIST_FILE = streamingMusicPlayer/Info.plist;
				IPHONEOS_DEPLOYMENT_TARGET = 10.0;
				LD_RUNPATH_SEARCH_PATHS = "$(inherited) @executable_path/Frameworks";
				PRODUCT_BUNDLE_IDENTIFIER = "Miguel-Tepale.streamingMusicPlayer";
				PRODUCT_NAME = "$(TARGET_NAME)";
				SWIFT_VERSION = 4.0;
				TARGETED_DEVICE_FAMILY = "1,2";
			};
			name = Debug;
		};
		8C56151C1F8F2F1300364AAD /* Release */ = {
			isa = XCBuildConfiguration;
			buildSettings = {
				ASSETCATALOG_COMPILER_APPICON_NAME = AppIcon;
				CODE_SIGN_STYLE = Automatic;
				DEVELOPMENT_TEAM = 5C8D6R84CB;
				INFOPLIST_FILE = streamingMusicPlayer/Info.plist;
				IPHONEOS_DEPLOYMENT_TARGET = 10.0;
				LD_RUNPATH_SEARCH_PATHS = "$(inherited) @executable_path/Frameworks";
				PRODUCT_BUNDLE_IDENTIFIER = "Miguel-Tepale.streamingMusicPlayer";
				PRODUCT_NAME = "$(TARGET_NAME)";
				SWIFT_VERSION = 4.0;
				TARGETED_DEVICE_FAMILY = "1,2";
			};
			name = Release;
		};
/* End XCBuildConfiguration section */

/* Begin XCConfigurationList section */
		8C5615031F8F2F1300364AAD /* Build configuration list for PBXProject "streamingMusicPlayer" */ = {
			isa = XCConfigurationList;
			buildConfigurations = (
				8C5615181F8F2F1300364AAD /* Debug */,
				8C5615191F8F2F1300364AAD /* Release */,
			);
			defaultConfigurationIsVisible = 0;
			defaultConfigurationName = Release;
		};
		8C56151A1F8F2F1300364AAD /* Build configuration list for PBXNativeTarget "streamingMusicPlayer" */ = {
			isa = XCConfigurationList;
			buildConfigurations = (
				8C56151B1F8F2F1300364AAD /* Debug */,
				8C56151C1F8F2F1300364AAD /* Release */,
			);
			defaultConfigurationIsVisible = 0;
			defaultConfigurationName = Release;
		};
/* End XCConfigurationList section */
	};
	rootObject = 8C5615001F8F2F1300364AAD /* Project object */;
}
